
Microsoft Visual Studio Solution File, Format Version 12.00
# Visual Studio Version 16
VisualStudioVersion = 16.0.30503.244
MinimumVisualStudioVersion = 10.0.40219.1
Project("{FAE04EC0-301F-11D3-BF4B-00C04F79EFBC}") = "TicketService", "TicketService.csproj", "{6459D89C-6690-4B45-9678-5C39F75B3EF5}"
EndProject
Global
	GlobalSection(SolutionConfigurationPlatforms) = preSolution
		Debug|Any CPU = Debug|Any CPU
		Release|Any CPU = Release|Any CPU
	EndGlobalSection
	GlobalSection(ProjectConfigurationPlatforms) = postSolution
		{6459D89C-6690-4B45-9678-5C39F75B3EF5}.Debug|Any CPU.ActiveCfg = Debug|Any CPU
		{6459D89C-6690-4B45-9678-5C39F75B3EF5}.Debug|Any CPU.Build.0 = Debug|Any CPU
		{6459D89C-6690-4B45-9678-5C39F75B3EF5}.Release|Any CPU.ActiveCfg = Release|Any CPU
		{6459D89C-6690-4B45-9678-5C39F75B3EF5}.Release|Any CPU.Build.0 = Release|Any CPU
	EndGlobalSection
	GlobalSection(SolutionProperties) = preSolution
		HideSolutionNode = FALSE
	EndGlobalSection
	GlobalSection(ExtensibilityGlobals) = postSolution
		SolutionGuid = {FE99F6D3-F5B9-49CA-8EA4-C704645E2CDE}
	EndGlobalSection
EndGlobal
